
Microsoft Visual Studio Solution File, Format Version 12.00
# Visual Studio 14
VisualStudioVersion = 14.0.25420.1
MinimumVisualStudioVersion = 10.0.40219.1
Project("{FAE04EC0-301F-11D3-BF4B-00C04F79EFBC}") = "console_1_singalR", "console_1_singalR\console_1_singalR.csproj", "{15A52AF2-EAE7-4238-9BA3-373033308405}"
EndProject
Project("{FAE04EC0-301F-11D3-BF4B-00C04F79EFBC}") = "console_1_singalR_client", "console_1_singalR_client\console_1_singalR_client.csproj", "{2FD576A6-000B-4F6F-94E4-32156FC4AAA9}"
EndProject
Global
	GlobalSection(SolutionConfigurationPlatforms) = preSolution
		Debug|Any CPU = Debug|Any CPU
		Release|Any CPU = Release|Any CPU
	EndGlobalSection
	GlobalSection(ProjectConfigurationPlatforms) = postSolution
		{15A52AF2-EAE7-4238-9BA3-373033308405}.Debug|Any CPU.ActiveCfg = Debug|Any CPU
		{15A52AF2-EAE7-4238-9BA3-373033308405}.Debug|Any CPU.Build.0 = Debug|Any CPU
		{15A52AF2-EAE7-4238-9BA3-373033308405}.Release|Any CPU.ActiveCfg = Release|Any CPU
		{15A52AF2-EAE7-4238-9BA3-373033308405}.Release|Any CPU.Build.0 = Release|Any CPU
		{2FD576A6-000B-4F6F-94E4-32156FC4AAA9}.Debug|Any CPU.ActiveCfg = Debug|Any CPU
		{2FD576A6-000B-4F6F-94E4-32156FC4AAA9}.Debug|Any CPU.Build.0 = Debug|Any CPU
		{2FD576A6-000B-4F6F-94E4-32156FC4AAA9}.Release|Any CPU.ActiveCfg = Release|Any CPU
		{2FD576A6-000B-4F6F-94E4-32156FC4AAA9}.Release|Any CPU.Build.0 = Release|Any CPU
	EndGlobalSection
	GlobalSection(SolutionProperties) = preSolution
		HideSolutionNode = FALSE
	EndGlobalSection
EndGlobal
